
Microsoft Visual Studio Solution File, Format Version 12.00
# Visual Studio Version 16
VisualStudioVersion = 16.0.29613.14
MinimumVisualStudioVersion = 10.0.40219.1
Project("{FAE04EC0-301F-11D3-BF4B-00C04F79EFBC}") = "DigitRecognizerC", "DigitRecognizerC\DigitRecognizerC.csproj", "{B0CB5130-EAA8-4F65-9C3F-5C0975C287FC}"
EndProject
Project("{F2A71F9B-5D33-465A-A702-920D77279786}") = "DigitRecognizerF", "DigitRecognizerF\DigitRecognizerF.fsproj", "{292A6DA9-C6B4-4020-A1F9-7819303FF57D}"
EndProject
Global
	GlobalSection(SolutionConfigurationPlatforms) = preSolution
		Debug|Any CPU = Debug|Any CPU
		Release|Any CPU = Release|Any CPU
	EndGlobalSection
	GlobalSection(ProjectConfigurationPlatforms) = postSolution
		{B0CB5130-EAA8-4F65-9C3F-5C0975C287FC}.Debug|Any CPU.ActiveCfg = Debug|Any CPU
		{B0CB5130-EAA8-4F65-9C3F-5C0975C287FC}.Debug|Any CPU.Build.0 = Debug|Any CPU
		{B0CB5130-EAA8-4F65-9C3F-5C0975C287FC}.Release|Any CPU.ActiveCfg = Release|Any CPU
		{B0CB5130-EAA8-4F65-9C3F-5C0975C287FC}.Release|Any CPU.Build.0 = Release|Any CPU
		{292A6DA9-C6B4-4020-A1F9-7819303FF57D}.Debug|Any CPU.ActiveCfg = Debug|Any CPU
		{292A6DA9-C6B4-4020-A1F9-7819303FF57D}.Debug|Any CPU.Build.0 = Debug|Any CPU
		{292A6DA9-C6B4-4020-A1F9-7819303FF57D}.Release|Any CPU.ActiveCfg = Release|Any CPU
		{292A6DA9-C6B4-4020-A1F9-7819303FF57D}.Release|Any CPU.Build.0 = Release|Any CPU
	EndGlobalSection
	GlobalSection(SolutionProperties) = preSolution
		HideSolutionNode = FALSE
	EndGlobalSection
	GlobalSection(ExtensibilityGlobals) = postSolution
		SolutionGuid = {AFA2AC23-C11A-4389-8F64-8B01E908F462}
	EndGlobalSection
EndGlobal
